// !$*UTF8*$!
{
	archiveVersion = 1;
	classes = {
	};
	objectVersion = 46;
	objects = {

/* Begin PBXBuildFile section */
		D0D8A4B11D57B1A700E71658 /* AppDelegate.swift in Sources */ = {isa = PBXBuildFile; fileRef = D0D8A4B01D57B1A700E71658 /* AppDelegate.swift */; };
		D0D8A4B31D57B1A700E71658 /* ViewController.swift in Sources */ = {isa = PBXBuildFile; fileRef = D0D8A4B21D57B1A700E71658 /* ViewController.swift */; };
		D0D8A4B61D57B1A700E71658 /* Main.storyboard in Resources */ = {isa = PBXBuildFile; fileRef = D0D8A4B41D57B1A700E71658 /* Main.storyboard */; };
		D0D8A4B81D57B1A700E71658 /* Assets.xcassets in Resources */ = {isa = PBXBuildFile; fileRef = D0D8A4B71D57B1A700E71658 /* Assets.xcassets */; };
		D0D8A4BB1D57B1A700E71658 /* LaunchScreen.storyboard in Resources */ = {isa = PBXBuildFile; fileRef = D0D8A4B91D57B1A700E71658 /* LaunchScreen.storyboard */; };
/* End PBXBuildFile section */

/* Begin PBXFileReference section */
		D0D8A4AD1D57B1A700E71658 /* SecondProject.app */ = {isa = PBXFileReference; explicitFileType = wrapper.application; includeInIndex = 0; path = SecondProject.app; sourceTree = BUILT_PRODUCTS_DIR; };
		D0D8A4B01D57B1A700E71658 /* AppDelegate.swift */ = {isa = PBXFileReference; lastKnownFileType = sourcecode.swift; path = AppDelegate.swift; sourceTree = "<group>"; };
		D0D8A4B21D57B1A700E71658 /* ViewController.swift */ = {isa = PBXFileReference; lastKnownFileType = sourcecode.swift; path = ViewController.swift; sourceTree = "<group>"; };
		D0D8A4B51D57B1A700E71658 /* Base */ = {isa = PBXFileReference; lastKnownFileType = file.storyboard; name = Base; path = Base.lproj/Main.storyboard; sourceTree = "<group>"; };
		D0D8A4B71D57B1A700E71658 /* Assets.xcassets */ = {isa = PBXFileReference; lastKnownFileType = folder.assetcatalog; path = Assets.xcassets; sourceTree = "<group>"; };
		D0D8A4BA1D57B1A700E71658 /* Base */ = {isa = PBXFileReference; lastKnownFileType = file.storyboard; name = Base; path = Base.lproj/LaunchScreen.storyboard; sourceTree = "<group>"; };
		D0D8A4BC1D57B1A700E71658 /* Info.plist */ = {isa = PBXFileReference; lastKnownFileType = text.plist.xml; path = Info.plist; sourceTree = "<group>"; };
/* End PBXFileReference section */

/* Begin PBXFrameworksBuildPhase section */
		D0D8A4AA1D57B1A700E71658 /* Frameworks */ = {
			isa = PBXFrameworksBuildPhase;
			buildActionMask = 2147483647;
			files = (
			);
			runOnlyForDeploymentPostprocessing = 0;
		};
/* End PBXFrameworksBuildPhase section */

/* Begin PBXGroup section */
		D0D8A4A41D57B1A700E71658 = {
			isa = PBXGroup;
			children = (
				D0D8A4AF1D57B1A700E71658 /* SecondProject */,
				D0D8A4AE1D57B1A700E71658 /* Products */,
			);
			sourceTree = "<group>";
		};
		D0D8A4AE1D57B1A700E71658 /* Products */ = {
			isa = PBXGroup;
			children = (
				D0D8A4AD1D57B1A700E71658 /* SecondProject.app */,
			);
			name = Products;
			sourceTree = "<group>";
		};
		D0D8A4AF1D57B1A700E71658 /* SecondProject */ = {
			isa = PBXGroup;
			children = (
				D0D8A4B01D57B1A700E71658 /* AppDelegate.swift */,
				D0D8A4B21D57B1A700E71658 /* ViewController.swift */,
				D0D8A4B41D57B1A700E71658 /* Main.storyboard */,
				D0D8A4B71D57B1A700E71658 /* Assets.xcassets */,
				D0D8A4B91D57B1A700E71658 /* LaunchScreen.storyboard */,
				D0D8A4BC1D57B1A700E71658 /* Info.plist */,
			);
			path = SecondProject;
			sourceTree = "<group>";
		};
/* End PBXGroup section */

/* Begin PBXNativeTarget section */
		D0D8A4AC1D57B1A700E71658 /* SecondProject */ = {
			isa = PBXNativeTarget;
			buildConfigurationList = D0D8A4BF1D57B1A700E71658 /* Build configuration list for PBXNativeTarget "SecondProject" */;
			buildPhases = (
				D0D8A4A91D57B1A700E71658 /* Sources */,
				D0D8A4AA1D57B1A700E71658 /* Frameworks */,
				D0D8A4AB1D57B1A700E71658 /* Resources */,
			);
			buildRules = (
			);
			dependencies = (
			);
			name = SecondProject;
			productName = SecondProject;
			productReference = D0D8A4AD1D57B1A700E71658 /* SecondProject.app */;
			productType = "com.apple.product-type.application";
		};
/* End PBXNativeTarget section */

/* Begin PBXProject section */
		D0D8A4A51D57B1A700E71658 /* Project object */ = {
			isa = PBXProject;
			attributes = {
				LastSwiftUpdateCheck = 0730;
				LastUpgradeCheck = 0730;
				ORGANIZATIONNAME = "Peter Zaporowski";
				TargetAttributes = {
					D0D8A4AC1D57B1A700E71658 = {
						CreatedOnToolsVersion = 7.3.1;
					};
				};
			};
			buildConfigurationList = D0D8A4A81D57B1A700E71658 /* Build configuration list for PBXProject "SecondProject" */;
			compatibilityVersion = "Xcode 3.2";
			developmentRegion = English;
			hasScannedForEncodings = 0;
			knownRegions = (
				en,
				Base,
			);
			mainGroup = D0D8A4A41D57B1A700E71658;
			productRefGroup = D0D8A4AE1D57B1A700E71658 /* Products */;
			projectDirPath = "";
			projectRoot = "";
			targets = (
				D0D8A4AC1D57B1A700E71658 /* SecondProject */,
			);
		};
/* End PBXProject section */

/* Begin PBXResourcesBuildPhase section */
		D0D8A4AB1D57B1A700E71658 /* Resources */ = {
			isa = PBXResourcesBuildPhase;
			buildActionMask = 2147483647;
			files = (
				D0D8A4BB1D57B1A700E71658 /* LaunchScreen.storyboard in Resources */,
				D0D8A4B81D57B1A700E71658 /* Assets.xcassets in Resources */,
				D0D8A4B61D57B1A700E71658 /* Main.storyboard in Resources */,
			);
			runOnlyForDeploymentPostprocessing = 0;
		};
/* End PBXResourcesBuildPhase section */

/* Begin PBXSourcesBuildPhase section */
		D0D8A4A91D57B1A700E71658 /* Sources */ = {
			isa = PBXSourcesBuildPhase;
			buildActionMask = 2147483647;
			files = (
				D0D8A4B31D57B1A700E71658 /* ViewController.swift in Sources */,
				D0D8A4B11D57B1A700E71658 /* AppDelegate.swift in Sources */,
			);
			runOnlyForDeploymentPostprocessing = 0;
		};
/* End PBXSourcesBuildPhase section */

/* Begin PBXVariantGroup section */
		D0D8A4B41D57B1A700E71658 /* Main.storyboard */ = {
			isa = PBXVariantGroup;
			children = (
				D0D8A4B51D57B1A700E71658 /* Base */,
			);
			name = Main.storyboard;
			sourceTree = "<group>";
		};
		D0D8A4B91D57B1A700E71658 /* LaunchScreen.storyboard */ = {
			isa = PBXVariantGroup;
			children = (
				D0D8A4BA1D57B1A700E71658 /* Base */,
			);
			name = LaunchScreen.storyboard;
			sourceTree = "<group>";
		};
/* End PBXVariantGroup section */

/* Begin XCBuildConfiguration section */
		D0D8A4BD1D57B1A700E71658 /* Debug */ = {
			isa = XCBuildConfiguration;
			buildSettings = {
				ALWAYS_SEARCH_USER_PATHS = NO;
				CLANG_ANALYZER_NONNULL = YES;
				CLANG_CXX_LANGUAGE_STANDARD = "gnu++0x";
				CLANG_CXX_LIBRARY = "libc++";
				CLANG_ENABLE_MODULES = YES;
				CLANG_ENABLE_OBJC_ARC = YES;
				CLANG_WARN_BOOL_CONVERSION = YES;
				CLANG_WARN_CONSTANT_CONVERSION = YES;
				CLANG_WARN_DIRECT_OBJC_ISA_USAGE = YES_ERROR;
				CLANG_WARN_EMPTY_BODY = YES;
				CLANG_WARN_ENUM_CONVERSION = YES;
				CLANG_WARN_INT_CONVERSION = YES;
				CLANG_WARN_OBJC_ROOT_CLASS = YES_ERROR;
				CLANG_WARN_UNREACHABLE_CODE = YES;
				CLANG_WARN__DUPLICATE_METHOD_MATCH = YES;
				"CODE_SIGN_IDENTITY[sdk=iphoneos*]" = "iPhone Developer";
				COPY_PHASE_STRIP = NO;
				DEBUG_INFORMATION_FORMAT = dwarf;
				ENABLE_STRICT_OBJC_MSGSEND = YES;
				ENABLE_TESTABILITY = YES;
				GCC_C_LANGUAGE_STANDARD = gnu99;
				GCC_DYNAMIC_NO_PIC = NO;
				GCC_NO_COMMON_BLOCKS = YES;
				GCC_OPTIMIZATION_LEVEL = 0;
				GCC_PREPROCESSOR_DEFINITIONS = (
					"DEBUG=1",
					"$(inherited)",
				);
				GCC_WARN_64_TO_32_BIT_CONVERSION = YES;
				GCC_WARN_ABOUT_RETURN_TYPE = YES_ERROR;
				GCC_WARN_UNDECLARED_SELECTOR = YES;
				GCC_WARN_UNINITIALIZED_AUTOS = YES_AGGRESSIVE;
				GCC_WARN_UNUSED_FUNCTION = YES;
				GCC_WARN_UNUSED_VARIABLE = YES;
				IPHONEOS_DEPLOYMENT_TARGET = 9.3;
				MTL_ENABLE_DEBUG_INFO = YES;
				ONLY_ACTIVE_ARCH = YES;
				SDKROOT = iphoneos;
				SWIFT_OPTIMIZATION_LEVEL = "-Onone";
			};
			name = Debug;
		};
		D0D8A4BE1D57B1A700E71658 /* Release */ = {
			isa = XCBuildConfiguration;
			buildSettings = {
				ALWAYS_SEARCH_USER_PATHS = NO;
				CLANG_ANALYZER_NONNULL = YES;
				CLANG_CXX_LANGUAGE_STANDARD = "gnu++0x";
				CLANG_CXX_LIBRARY = "libc++";
				CLANG_ENABLE_MODULES = YES;
				CLANG_ENABLE_OBJC_ARC = YES;
				CLANG_WARN_BOOL_CONVERSION = YES;
				CLANG_WARN_CONSTANT_CONVERSION = YES;
				CLANG_WARN_DIRECT_OBJC_ISA_USAGE = YES_ERROR;
				CLANG_WARN_EMPTY_BODY = YES;
				CLANG_WARN_ENUM_CONVERSION = YES;
				CLANG_WARN_INT_CONVERSION = YES;
				CLANG_WARN_OBJC_ROOT_CLASS = YES_ERROR;
				CLANG_WARN_UNREACHABLE_CODE = YES;
				CLANG_WARN__DUPLICATE_METHOD_MATCH = YES;
				"CODE_SIGN_IDENTITY[sdk=iphoneos*]" = "iPhone Developer";
				COPY_PHASE_STRIP = NO;
				DEBUG_INFORMATION_FORMAT = "dwarf-with-dsym";
				ENABLE_NS_ASSERTIONS = NO;
				ENABLE_STRICT_OBJC_MSGSEND = YES;
				GCC_C_LANGUAGE_STANDARD = gnu99;
				GCC_NO_COMMON_BLOCKS = YES;
				GCC_WARN_64_TO_32_BIT_CONVERSION = YES;
				GCC_WARN_ABOUT_RETURN_TYPE = YES_ERROR;
				GCC_WARN_UNDECLARED_SELECTOR = YES;
				GCC_WARN_UNINITIALIZED_AUTOS = YES_AGGRESSIVE;
				GCC_WARN_UNUSED_FUNCTION = YES;
				GCC_WARN_UNUSED_VARIABLE = YES;
				IPHONEOS_DEPLOYMENT_TARGET = 9.3;
				MTL_ENABLE_DEBUG_INFO = NO;
				SDKROOT = iphoneos;
				VALIDATE_PRODUCT = YES;
			};
			name = Release;
		};
		D0D8A4C01D57B1A700E71658 /* Debug */ = {
			isa = XCBuildConfiguration;
			buildSettings = {
				ASSETCATALOG_COMPILER_APPICON_NAME = AppIcon;
				INFOPLIST_FILE = SecondProject/Info.plist;
				LD_RUNPATH_SEARCH_PATHS = "$(inherited) @executable_path/Frameworks";
				PRODUCT_BUNDLE_IDENTIFIER = com.peterzig.SecondProject;
				PRODUCT_NAME = "$(TARGET_NAME)";
			};
			name = Debug;
		};
		D0D8A4C11D57B1A700E71658 /* Release */ = {
			isa = XCBuildConfiguration;
			buildSettings = {
				ASSETCATALOG_COMPILER_APPICON_NAME = AppIcon;
				INFOPLIST_FILE = SecondProject/Info.plist;
				LD_RUNPATH_SEARCH_PATHS = "$(inherited) @executable_path/Frameworks";
				PRODUCT_BUNDLE_IDENTIFIER = com.peterzig.SecondProject;
				PRODUCT_NAME = "$(TARGET_NAME)";
			};
			name = Release;
		};
/* End XCBuildConfiguration section */

/* Begin XCConfigurationList section */
		D0D8A4A81D57B1A700E71658 /* Build configuration list for PBXProject "SecondProject" */ = {
			isa = XCConfigurationList;
			buildConfigurations = (
				D0D8A4BD1D57B1A700E71658 /* Debug */,
				D0D8A4BE1D57B1A700E71658 /* Release */,
			);
			defaultConfigurationIsVisible = 0;
			defaultConfigurationName = Release;
		};
		D0D8A4BF1D57B1A700E71658 /* Build configuration list for PBXNativeTarget "SecondProject" */ = {
			isa = XCConfigurationList;
			buildConfigurations = (
				D0D8A4C01D57B1A700E71658 /* Debug */,
				D0D8A4C11D57B1A700E71658 /* Release */,
			);
			defaultConfigurationIsVisible = 0;
		};
/* End XCConfigurationList section */
	};
	rootObject = D0D8A4A51D57B1A700E71658 /* Project object */;
}
